// !$*UTF8*$!
{
	archiveVersion = 1;
	classes = {
	};
	objectVersion = 55;
	objects = {

/* Begin PBXBuildFile section */
		912D306B2755473D0084982F /* mobileAppApp.swift in Sources */ = {isa = PBXBuildFile; fileRef = 912D306A2755473D0084982F /* mobileAppApp.swift */; };
		912D306D2755473D0084982F /* ContentView.swift in Sources */ = {isa = PBXBuildFile; fileRef = 912D306C2755473D0084982F /* ContentView.swift */; };
		912D306F275547410084982F /* Assets.xcassets in Resources */ = {isa = PBXBuildFile; fileRef = 912D306E275547410084982F /* Assets.xcassets */; };
		912D3072275547410084982F /* Preview Assets.xcassets in Resources */ = {isa = PBXBuildFile; fileRef = 912D3071275547410084982F /* Preview Assets.xcassets */; };
		912D307C275547410084982F /* mobileAppTests.swift in Sources */ = {isa = PBXBuildFile; fileRef = 912D307B275547410084982F /* mobileAppTests.swift */; };
		912D3086275547410084982F /* mobileAppUITests.swift in Sources */ = {isa = PBXBuildFile; fileRef = 912D3085275547410084982F /* mobileAppUITests.swift */; };
		912D3088275547410084982F /* mobileAppUITestsLaunchTests.swift in Sources */ = {isa = PBXBuildFile; fileRef = 912D3087275547410084982F /* mobileAppUITestsLaunchTests.swift */; };
/* End PBXBuildFile section */

/* Begin PBXContainerItemProxy section */
		912D3078275547410084982F /* PBXContainerItemProxy */ = {
			isa = PBXContainerItemProxy;
			containerPortal = 912D305F2755473D0084982F /* Project object */;
			proxyType = 1;
			remoteGlobalIDString = 912D30662755473D0084982F;
			remoteInfo = mobileApp;
		};
		912D3082275547410084982F /* PBXContainerItemProxy */ = {
			isa = PBXContainerItemProxy;
			containerPortal = 912D305F2755473D0084982F /* Project object */;
			proxyType = 1;
			remoteGlobalIDString = 912D30662755473D0084982F;
			remoteInfo = mobileApp;
		};
/* End PBXContainerItemProxy section */

/* Begin PBXFileReference section */
		912D30672755473D0084982F /* mobileApp.app */ = {isa = PBXFileReference; explicitFileType = wrapper.application; includeInIndex = 0; path = mobileApp.app; sourceTree = BUILT_PRODUCTS_DIR; };
		912D306A2755473D0084982F /* mobileAppApp.swift */ = {isa = PBXFileReference; lastKnownFileType = sourcecode.swift; path = mobileAppApp.swift; sourceTree = "<group>"; };
		912D306C2755473D0084982F /* ContentView.swift */ = {isa = PBXFileReference; lastKnownFileType = sourcecode.swift; path = ContentView.swift; sourceTree = "<group>"; };
		912D306E275547410084982F /* Assets.xcassets */ = {isa = PBXFileReference; lastKnownFileType = folder.assetcatalog; path = Assets.xcassets; sourceTree = "<group>"; };
		912D3071275547410084982F /* Preview Assets.xcassets */ = {isa = PBXFileReference; lastKnownFileType = folder.assetcatalog; path = "Preview Assets.xcassets"; sourceTree = "<group>"; };
		912D3077275547410084982F /* mobileAppTests.xctest */ = {isa = PBXFileReference; explicitFileType = wrapper.cfbundle; includeInIndex = 0; path = mobileAppTests.xctest; sourceTree = BUILT_PRODUCTS_DIR; };
		912D307B275547410084982F /* mobileAppTests.swift */ = {isa = PBXFileReference; lastKnownFileType = sourcecode.swift; path = mobileAppTests.swift; sourceTree = "<group>"; };
		912D3081275547410084982F /* mobileAppUITests.xctest */ = {isa = PBXFileReference; explicitFileType = wrapper.cfbundle; includeInIndex = 0; path = mobileAppUITests.xctest; sourceTree = BUILT_PRODUCTS_DIR; };
		912D3085275547410084982F /* mobileAppUITests.swift */ = {isa = PBXFileReference; lastKnownFileType = sourcecode.swift; path = mobileAppUITests.swift; sourceTree = "<group>"; };
		912D3087275547410084982F /* mobileAppUITestsLaunchTests.swift */ = {isa = PBXFileReference; lastKnownFileType = sourcecode.swift; path = mobileAppUITestsLaunchTests.swift; sourceTree = "<group>"; };
/* End PBXFileReference section */

/* Begin PBXFrameworksBuildPhase section */
		912D30642755473D0084982F /* Frameworks */ = {
			isa = PBXFrameworksBuildPhase;
			buildActionMask = 2147483647;
			files = (
			);
			runOnlyForDeploymentPostprocessing = 0;
		};
		912D3074275547410084982F /* Frameworks */ = {
			isa = PBXFrameworksBuildPhase;
			buildActionMask = 2147483647;
			files = (
			);
			runOnlyForDeploymentPostprocessing = 0;
		};
		912D307E275547410084982F /* Frameworks */ = {
			isa = PBXFrameworksBuildPhase;
			buildActionMask = 2147483647;
			files = (
			);
			runOnlyForDeploymentPostprocessing = 0;
		};
/* End PBXFrameworksBuildPhase section */

/* Begin PBXGroup section */
		912D305E2755473D0084982F = {
			isa = PBXGroup;
			children = (
				912D30692755473D0084982F /* mobileApp */,
				912D307A275547410084982F /* mobileAppTests */,
				912D3084275547410084982F /* mobileAppUITests */,
				912D30682755473D0084982F /* Products */,
			);
			sourceTree = "<group>";
		};
		912D30682755473D0084982F /* Products */ = {
			isa = PBXGroup;
			children = (
				912D30672755473D0084982F /* mobileApp.app */,
				912D3077275547410084982F /* mobileAppTests.xctest */,
				912D3081275547410084982F /* mobileAppUITests.xctest */,
			);
			name = Products;
			sourceTree = "<group>";
		};
		912D30692755473D0084982F /* mobileApp */ = {
			isa = PBXGroup;
			children = (
				912D306A2755473D0084982F /* mobileAppApp.swift */,
				912D306C2755473D0084982F /* ContentView.swift */,
				912D306E275547410084982F /* Assets.xcassets */,
				912D3070275547410084982F /* Preview Content */,
			);
			path = mobileApp;
			sourceTree = "<group>";
		};
		912D3070275547410084982F /* Preview Content */ = {
			isa = PBXGroup;
			children = (
				912D3071275547410084982F /* Preview Assets.xcassets */,
			);
			path = "Preview Content";
			sourceTree = "<group>";
		};
		912D307A275547410084982F /* mobileAppTests */ = {
			isa = PBXGroup;
			children = (
				912D307B275547410084982F /* mobileAppTests.swift */,
			);
			path = mobileAppTests;
			sourceTree = "<group>";
		};
		912D3084275547410084982F /* mobileAppUITests */ = {
			isa = PBXGroup;
			children = (
				912D3085275547410084982F /* mobileAppUITests.swift */,
				912D3087275547410084982F /* mobileAppUITestsLaunchTests.swift */,
			);
			path = mobileAppUITests;
			sourceTree = "<group>";
		};
/* End PBXGroup section */

/* Begin PBXNativeTarget section */
		912D30662755473D0084982F /* mobileApp */ = {
			isa = PBXNativeTarget;
			buildConfigurationList = 912D308B275547410084982F /* Build configuration list for PBXNativeTarget "mobileApp" */;
			buildPhases = (
				912D30632755473D0084982F /* Sources */,
				912D30642755473D0084982F /* Frameworks */,
				912D30652755473D0084982F /* Resources */,
			);
			buildRules = (
			);
			dependencies = (
			);
			name = mobileApp;
			productName = mobileApp;
			productReference = 912D30672755473D0084982F /* mobileApp.app */;
			productType = "com.apple.product-type.application";
		};
		912D3076275547410084982F /* mobileAppTests */ = {
			isa = PBXNativeTarget;
			buildConfigurationList = 912D308E275547410084982F /* Build configuration list for PBXNativeTarget "mobileAppTests" */;
			buildPhases = (
				912D3073275547410084982F /* Sources */,
				912D3074275547410084982F /* Frameworks */,
				912D3075275547410084982F /* Resources */,
			);
			buildRules = (
			);
			dependencies = (
				912D3079275547410084982F /* PBXTargetDependency */,
			);
			name = mobileAppTests;
			productName = mobileAppTests;
			productReference = 912D3077275547410084982F /* mobileAppTests.xctest */;
			productType = "com.apple.product-type.bundle.unit-test";
		};
		912D3080275547410084982F /* mobileAppUITests */ = {
			isa = PBXNativeTarget;
			buildConfigurationList = 912D3091275547410084982F /* Build configuration list for PBXNativeTarget "mobileAppUITests" */;
			buildPhases = (
				912D307D275547410084982F /* Sources */,
				912D307E275547410084982F /* Frameworks */,
				912D307F275547410084982F /* Resources */,
			);
			buildRules = (
			);
			dependencies = (
				912D3083275547410084982F /* PBXTargetDependency */,
			);
			name = mobileAppUITests;
			productName = mobileAppUITests;
			productReference = 912D3081275547410084982F /* mobileAppUITests.xctest */;
			productType = "com.apple.product-type.bundle.ui-testing";
		};
/* End PBXNativeTarget section */

/* Begin PBXProject section */
		912D305F2755473D0084982F /* Project object */ = {
			isa = PBXProject;
			attributes = {
				BuildIndependentTargetsInParallel = 1;
				LastSwiftUpdateCheck = 1300;
				LastUpgradeCheck = 1300;
				TargetAttributes = {
					912D30662755473D0084982F = {
						CreatedOnToolsVersion = 13.0;
					};
					912D3076275547410084982F = {
						CreatedOnToolsVersion = 13.0;
						TestTargetID = 912D30662755473D0084982F;
					};
					912D3080275547410084982F = {
						CreatedOnToolsVersion = 13.0;
						TestTargetID = 912D30662755473D0084982F;
					};
				};
			};
			buildConfigurationList = 912D30622755473D0084982F /* Build configuration list for PBXProject "mobileApp" */;
			compatibilityVersion = "Xcode 13.0";
			developmentRegion = en;
			hasScannedForEncodings = 0;
			knownRegions = (
				en,
				Base,
			);
			mainGroup = 912D305E2755473D0084982F;
			productRefGroup = 912D30682755473D0084982F /* Products */;
			projectDirPath = "";
			projectRoot = "";
			targets = (
				912D30662755473D0084982F /* mobileApp */,
				912D3076275547410084982F /* mobileAppTests */,
				912D3080275547410084982F /* mobileAppUITests */,
			);
		};
/* End PBXProject section */

/* Begin PBXResourcesBuildPhase section */
		912D30652755473D0084982F /* Resources */ = {
			isa = PBXResourcesBuildPhase;
			buildActionMask = 2147483647;
			files = (
				912D3072275547410084982F /* Preview Assets.xcassets in Resources */,
				912D306F275547410084982F /* Assets.xcassets in Resources */,
			);
			runOnlyForDeploymentPostprocessing = 0;
		};
		912D3075275547410084982F /* Resources */ = {
			isa = PBXResourcesBuildPhase;
			buildActionMask = 2147483647;
			files = (
			);
			runOnlyForDeploymentPostprocessing = 0;
		};
		912D307F275547410084982F /* Resources */ = {
			isa = PBXResourcesBuildPhase;
			buildActionMask = 2147483647;
			files = (
			);
			runOnlyForDeploymentPostprocessing = 0;
		};
/* End PBXResourcesBuildPhase section */

/* Begin PBXSourcesBuildPhase section */
		912D30632755473D0084982F /* Sources */ = {
			isa = PBXSourcesBuildPhase;
			buildActionMask = 2147483647;
			files = (
				912D306D2755473D0084982F /* ContentView.swift in Sources */,
				912D306B2755473D0084982F /* mobileAppApp.swift in Sources */,
			);
			runOnlyForDeploymentPostprocessing = 0;
		};
		912D3073275547410084982F /* Sources */ = {
			isa = PBXSourcesBuildPhase;
			buildActionMask = 2147483647;
			files = (
				912D307C275547410084982F /* mobileAppTests.swift in Sources */,
			);
			runOnlyForDeploymentPostprocessing = 0;
		};
		912D307D275547410084982F /* Sources */ = {
			isa = PBXSourcesBuildPhase;
			buildActionMask = 2147483647;
			files = (
				912D3088275547410084982F /* mobileAppUITestsLaunchTests.swift in Sources */,
				912D3086275547410084982F /* mobileAppUITests.swift in Sources */,
			);
			runOnlyForDeploymentPostprocessing = 0;
		};
/* End PBXSourcesBuildPhase section */

/* Begin PBXTargetDependency section */
		912D3079275547410084982F /* PBXTargetDependency */ = {
			isa = PBXTargetDependency;
			target = 912D30662755473D0084982F /* mobileApp */;
			targetProxy = 912D3078275547410084982F /* PBXContainerItemProxy */;
		};
		912D3083275547410084982F /* PBXTargetDependency */ = {
			isa = PBXTargetDependency;
			target = 912D30662755473D0084982F /* mobileApp */;
			targetProxy = 912D3082275547410084982F /* PBXContainerItemProxy */;
		};
/* End PBXTargetDependency section */

/* Begin XCBuildConfiguration section */
		912D3089275547410084982F /* Debug */ = {
			isa = XCBuildConfiguration;
			buildSettings = {
				ALWAYS_SEARCH_USER_PATHS = NO;
				CLANG_ANALYZER_NONNULL = YES;
				CLANG_ANALYZER_NUMBER_OBJECT_CONVERSION = YES_AGGRESSIVE;
				CLANG_CXX_LANGUAGE_STANDARD = "gnu++17";
				CLANG_CXX_LIBRARY = "libc++";
				CLANG_ENABLE_MODULES = YES;
				CLANG_ENABLE_OBJC_ARC = YES;
				CLANG_ENABLE_OBJC_WEAK = YES;
				CLANG_WARN_BLOCK_CAPTURE_AUTORELEASING = YES;
				CLANG_WARN_BOOL_CONVERSION = YES;
				CLANG_WARN_COMMA = YES;
				CLANG_WARN_CONSTANT_CONVERSION = YES;
				CLANG_WARN_DEPRECATED_OBJC_IMPLEMENTATIONS = YES;
				CLANG_WARN_DIRECT_OBJC_ISA_USAGE = YES_ERROR;
				CLANG_WARN_DOCUMENTATION_COMMENTS = YES;
				CLANG_WARN_EMPTY_BODY = YES;
				CLANG_WARN_ENUM_CONVERSION = YES;
				CLANG_WARN_INFINITE_RECURSION = YES;
				CLANG_WARN_INT_CONVERSION = YES;
				CLANG_WARN_NON_LITERAL_NULL_CONVERSION = YES;
				CLANG_WARN_OBJC_IMPLICIT_RETAIN_SELF = YES;
				CLANG_WARN_OBJC_LITERAL_CONVERSION = YES;
				CLANG_WARN_OBJC_ROOT_CLASS = YES_ERROR;
				CLANG_WARN_QUOTED_INCLUDE_IN_FRAMEWORK_HEADER = YES;
				CLANG_WARN_RANGE_LOOP_ANALYSIS = YES;
				CLANG_WARN_STRICT_PROTOTYPES = YES;
				CLANG_WARN_SUSPICIOUS_MOVE = YES;
				CLANG_WARN_UNGUARDED_AVAILABILITY = YES_AGGRESSIVE;
				CLANG_WARN_UNREACHABLE_CODE = YES;
				CLANG_WARN__DUPLICATE_METHOD_MATCH = YES;
				COPY_PHASE_STRIP = NO;
				DEBUG_INFORMATION_FORMAT = dwarf;
				ENABLE_STRICT_OBJC_MSGSEND = YES;
				ENABLE_TESTABILITY = YES;
				GCC_C_LANGUAGE_STANDARD = gnu11;
				GCC_DYNAMIC_NO_PIC = NO;
				GCC_NO_COMMON_BLOCKS = YES;
				GCC_OPTIMIZATION_LEVEL = 0;
				GCC_PREPROCESSOR_DEFINITIONS = (
					"DEBUG=1",
					"$(inherited)",
				);
				GCC_WARN_64_TO_32_BIT_CONVERSION = YES;
				GCC_WARN_ABOUT_RETURN_TYPE = YES_ERROR;
				GCC_WARN_UNDECLARED_SELECTOR = YES;
				GCC_WARN_UNINITIALIZED_AUTOS = YES_AGGRESSIVE;
				GCC_WARN_UNUSED_FUNCTION = YES;
				GCC_WARN_UNUSED_VARIABLE = YES;
				IPHONEOS_DEPLOYMENT_TARGET = 15.0;
				MTL_ENABLE_DEBUG_INFO = INCLUDE_SOURCE;
				MTL_FAST_MATH = YES;
				ONLY_ACTIVE_ARCH = YES;
				SDKROOT = iphoneos;
				SWIFT_ACTIVE_COMPILATION_CONDITIONS = DEBUG;
				SWIFT_OPTIMIZATION_LEVEL = "-Onone";
			};
			name = Debug;
		};
		912D308A275547410084982F /* Release */ = {
			isa = XCBuildConfiguration;
			buildSettings = {
				ALWAYS_SEARCH_USER_PATHS = NO;
				CLANG_ANALYZER_NONNULL = YES;
				CLANG_ANALYZER_NUMBER_OBJECT_CONVERSION = YES_AGGRESSIVE;
				CLANG_CXX_LANGUAGE_STANDARD = "gnu++17";
				CLANG_CXX_LIBRARY = "libc++";
				CLANG_ENABLE_MODULES = YES;
				CLANG_ENABLE_OBJC_ARC = YES;
				CLANG_ENABLE_OBJC_WEAK = YES;
				CLANG_WARN_BLOCK_CAPTURE_AUTORELEASING = YES;
				CLANG_WARN_BOOL_CONVERSION = YES;
				CLANG_WARN_COMMA = YES;
				CLANG_WARN_CONSTANT_CONVERSION = YES;
				CLANG_WARN_DEPRECATED_OBJC_IMPLEMENTATIONS = YES;
				CLANG_WARN_DIRECT_OBJC_ISA_USAGE = YES_ERROR;
				CLANG_WARN_DOCUMENTATION_COMMENTS = YES;
				CLANG_WARN_EMPTY_BODY = YES;
				CLANG_WARN_ENUM_CONVERSION = YES;
				CLANG_WARN_INFINITE_RECURSION = YES;
				CLANG_WARN_INT_CONVERSION = YES;
				CLANG_WARN_NON_LITERAL_NULL_CONVERSION = YES;
				CLANG_WARN_OBJC_IMPLICIT_RETAIN_SELF = YES;
				CLANG_WARN_OBJC_LITERAL_CONVERSION = YES;
				CLANG_WARN_OBJC_ROOT_CLASS = YES_ERROR;
				CLANG_WARN_QUOTED_INCLUDE_IN_FRAMEWORK_HEADER = YES;
				CLANG_WARN_RANGE_LOOP_ANALYSIS = YES;
				CLANG_WARN_STRICT_PROTOTYPES = YES;
				CLANG_WARN_SUSPICIOUS_MOVE = YES;
				CLANG_WARN_UNGUARDED_AVAILABILITY = YES_AGGRESSIVE;
				CLANG_WARN_UNREACHABLE_CODE = YES;
				CLANG_WARN__DUPLICATE_METHOD_MATCH = YES;
				COPY_PHASE_STRIP = NO;
				DEBUG_INFORMATION_FORMAT = "dwarf-with-dsym";
				ENABLE_NS_ASSERTIONS = NO;
				ENABLE_STRICT_OBJC_MSGSEND = YES;
				GCC_C_LANGUAGE_STANDARD = gnu11;
				GCC_NO_COMMON_BLOCKS = YES;
				GCC_WARN_64_TO_32_BIT_CONVERSION = YES;
				GCC_WARN_ABOUT_RETURN_TYPE = YES_ERROR;
				GCC_WARN_UNDECLARED_SELECTOR = YES;
				GCC_WARN_UNINITIALIZED_AUTOS = YES_AGGRESSIVE;
				GCC_WARN_UNUSED_FUNCTION = YES;
				GCC_WARN_UNUSED_VARIABLE = YES;
				IPHONEOS_DEPLOYMENT_TARGET = 15.0;
				MTL_ENABLE_DEBUG_INFO = NO;
				MTL_FAST_MATH = YES;
				SDKROOT = iphoneos;
				SWIFT_COMPILATION_MODE = wholemodule;
				SWIFT_OPTIMIZATION_LEVEL = "-O";
				VALIDATE_PRODUCT = YES;
			};
			name = Release;
		};
		912D308C275547410084982F /* Debug */ = {
			isa = XCBuildConfiguration;
			buildSettings = {
				ASSETCATALOG_COMPILER_APPICON_NAME = AppIcon;
				ASSETCATALOG_COMPILER_GLOBAL_ACCENT_COLOR_NAME = AccentColor;
				CODE_SIGN_STYLE = Automatic;
				CURRENT_PROJECT_VERSION = 1;
				DEVELOPMENT_ASSET_PATHS = "\"mobileApp/Preview Content\"";
				ENABLE_PREVIEWS = YES;
				GENERATE_INFOPLIST_FILE = YES;
				INFOPLIST_KEY_UIApplicationSceneManifest_Generation = YES;
				INFOPLIST_KEY_UIApplicationSupportsIndirectInputEvents = YES;
				INFOPLIST_KEY_UILaunchScreen_Generation = YES;
				INFOPLIST_KEY_UISupportedInterfaceOrientations_iPad = "UIInterfaceOrientationPortrait UIInterfaceOrientationPortraitUpsideDown UIInterfaceOrientationLandscapeLeft UIInterfaceOrientationLandscapeRight";
				INFOPLIST_KEY_UISupportedInterfaceOrientations_iPhone = "UIInterfaceOrientationPortrait UIInterfaceOrientationLandscapeLeft UIInterfaceOrientationLandscapeRight";
				IPHONEOS_DEPLOYMENT_TARGET = 14.0;
				LD_RUNPATH_SEARCH_PATHS = (
					"$(inherited)",
					"@executable_path/Frameworks",
				);
				MARKETING_VERSION = 1.0;
				PRODUCT_BUNDLE_IDENTIFIER = KimMax.mobileApp;
				PRODUCT_NAME = "$(TARGET_NAME)";
				SWIFT_EMIT_LOC_STRINGS = YES;
				SWIFT_VERSION = 5.0;
				TARGETED_DEVICE_FAMILY = "1,2";
			};
			name = Debug;
		};
		912D308D275547410084982F /* Release */ = {
			isa = XCBuildConfiguration;
			buildSettings = {
				ASSETCATALOG_COMPILER_APPICON_NAME = AppIcon;
				ASSETCATALOG_COMPILER_GLOBAL_ACCENT_COLOR_NAME = AccentColor;
				CODE_SIGN_STYLE = Automatic;
				CURRENT_PROJECT_VERSION = 1;
				DEVELOPMENT_ASSET_PATHS = "\"mobileApp/Preview Content\"";
				ENABLE_PREVIEWS = YES;
				GENERATE_INFOPLIST_FILE = YES;
				INFOPLIST_KEY_UIApplicationSceneManifest_Generation = YES;
				INFOPLIST_KEY_UIApplicationSupportsIndirectInputEvents = YES;
				INFOPLIST_KEY_UILaunchScreen_Generation = YES;
				INFOPLIST_KEY_UISupportedInterfaceOrientations_iPad = "UIInterfaceOrientationPortrait UIInterfaceOrientationPortraitUpsideDown UIInterfaceOrientationLandscapeLeft UIInterfaceOrientationLandscapeRight";
				INFOPLIST_KEY_UISupportedInterfaceOrientations_iPhone = "UIInterfaceOrientationPortrait UIInterfaceOrientationLandscapeLeft UIInterfaceOrientationLandscapeRight";
				IPHONEOS_DEPLOYMENT_TARGET = 14.0;
				LD_RUNPATH_SEARCH_PATHS = (
					"$(inherited)",
					"@executable_path/Frameworks",
				);
				MARKETING_VERSION = 1.0;
				PRODUCT_BUNDLE_IDENTIFIER = KimMax.mobileApp;
				PRODUCT_NAME = "$(TARGET_NAME)";
				SWIFT_EMIT_LOC_STRINGS = YES;
				SWIFT_VERSION = 5.0;
				TARGETED_DEVICE_FAMILY = "1,2";
			};
			name = Release;
		};
		912D308F275547410084982F /* Debug */ = {
			isa = XCBuildConfiguration;
			buildSettings = {
				ALWAYS_EMBED_SWIFT_STANDARD_LIBRARIES = YES;
				BUNDLE_LOADER = "$(TEST_HOST)";
				CODE_SIGN_STYLE = Automatic;
				CURRENT_PROJECT_VERSION = 1;
				GENERATE_INFOPLIST_FILE = YES;
				IPHONEOS_DEPLOYMENT_TARGET = 14.0;
				LD_RUNPATH_SEARCH_PATHS = (
					"$(inherited)",
					"@executable_path/Frameworks",
					"@loader_path/Frameworks",
				);
				MARKETING_VERSION = 1.0;
				PRODUCT_BUNDLE_IDENTIFIER = KimMax.mobileAppTests;
				PRODUCT_NAME = "$(TARGET_NAME)";
				SWIFT_EMIT_LOC_STRINGS = NO;
				SWIFT_VERSION = 5.0;
				TARGETED_DEVICE_FAMILY = "1,2";
				TEST_HOST = "$(BUILT_PRODUCTS_DIR)/mobileApp.app/mobileApp";
			};
			name = Debug;
		};
		912D3090275547410084982F /* Release */ = {
			isa = XCBuildConfiguration;
			buildSettings = {
				ALWAYS_EMBED_SWIFT_STANDARD_LIBRARIES = YES;
				BUNDLE_LOADER = "$(TEST_HOST)";
				CODE_SIGN_STYLE = Automatic;
				CURRENT_PROJECT_VERSION = 1;
				GENERATE_INFOPLIST_FILE = YES;
				IPHONEOS_DEPLOYMENT_TARGET = 14.0;
				LD_RUNPATH_SEARCH_PATHS = (
					"$(inherited)",
					"@executable_path/Frameworks",
					"@loader_path/Frameworks",
				);
				MARKETING_VERSION = 1.0;
				PRODUCT_BUNDLE_IDENTIFIER = KimMax.mobileAppTests;
				PRODUCT_NAME = "$(TARGET_NAME)";
				SWIFT_EMIT_LOC_STRINGS = NO;
				SWIFT_VERSION = 5.0;
				TARGETED_DEVICE_FAMILY = "1,2";
				TEST_HOST = "$(BUILT_PRODUCTS_DIR)/mobileApp.app/mobileApp";
			};
			name = Release;
		};
		912D3092275547410084982F /* Debug */ = {
			isa = XCBuildConfiguration;
			buildSettings = {
				ALWAYS_EMBED_SWIFT_STANDARD_LIBRARIES = YES;
				CODE_SIGN_STYLE = Automatic;
				CURRENT_PROJECT_VERSION = 1;
				GENERATE_INFOPLIST_FILE = YES;
				LD_RUNPATH_SEARCH_PATHS = (
					"$(inherited)",
					"@executable_path/Frameworks",
					"@loader_path/Frameworks",
				);
				MARKETING_VERSION = 1.0;
				PRODUCT_BUNDLE_IDENTIFIER = KimMax.mobileAppUITests;
				PRODUCT_NAME = "$(TARGET_NAME)";
				SWIFT_EMIT_LOC_STRINGS = NO;
				SWIFT_VERSION = 5.0;
				TARGETED_DEVICE_FAMILY = "1,2";
				TEST_TARGET_NAME = mobileApp;
			};
			name = Debug;
		};
		912D3093275547410084982F /* Release */ = {
			isa = XCBuildConfiguration;
			buildSettings = {
				ALWAYS_EMBED_SWIFT_STANDARD_LIBRARIES = YES;
				CODE_SIGN_STYLE = Automatic;
				CURRENT_PROJECT_VERSION = 1;
				GENERATE_INFOPLIST_FILE = YES;
				LD_RUNPATH_SEARCH_PATHS = (
					"$(inherited)",
					"@executable_path/Frameworks",
					"@loader_path/Frameworks",
				);
				MARKETING_VERSION = 1.0;
				PRODUCT_BUNDLE_IDENTIFIER = KimMax.mobileAppUITests;
				PRODUCT_NAME = "$(TARGET_NAME)";
				SWIFT_EMIT_LOC_STRINGS = NO;
				SWIFT_VERSION = 5.0;
				TARGETED_DEVICE_FAMILY = "1,2";
				TEST_TARGET_NAME = mobileApp;
			};
			name = Release;
		};
/* End XCBuildConfiguration section */

/* Begin XCConfigurationList section */
		912D30622755473D0084982F /* Build configuration list for PBXProject "mobileApp" */ = {
			isa = XCConfigurationList;
			buildConfigurations = (
				912D3089275547410084982F /* Debug */,
				912D308A275547410084982F /* Release */,
			);
			defaultConfigurationIsVisible = 0;
			defaultConfigurationName = Release;
		};
		912D308B275547410084982F /* Build configuration list for PBXNativeTarget "mobileApp" */ = {
			isa = XCConfigurationList;
			buildConfigurations = (
				912D308C275547410084982F /* Debug */,
				912D308D275547410084982F /* Release */,
			);
			defaultConfigurationIsVisible = 0;
			defaultConfigurationName = Release;
		};
		912D308E275547410084982F /* Build configuration list for PBXNativeTarget "mobileAppTests" */ = {
			isa = XCConfigurationList;
			buildConfigurations = (
				912D308F275547410084982F /* Debug */,
				912D3090275547410084982F /* Release */,
			);
			defaultConfigurationIsVisible = 0;
			defaultConfigurationName = Release;
		};
		912D3091275547410084982F /* Build configuration list for PBXNativeTarget "mobileAppUITests" */ = {
			isa = XCConfigurationList;
			buildConfigurations = (
				912D3092275547410084982F /* Debug */,
				912D3093275547410084982F /* Release */,
			);
			defaultConfigurationIsVisible = 0;
			defaultConfigurationName = Release;
		};
/* End XCConfigurationList section */
	};
	rootObject = 912D305F2755473D0084982F /* Project object */;
}
